
Microsoft Visual Studio Solution File, Format Version 12.00
# Visual Studio Version 16
VisualStudioVersion = 16.0.30114.105
MinimumVisualStudioVersion = 10.0.40219.1
Project("{FAE04EC0-301F-11D3-BF4B-00C04F79EFBC}") = "Vidly", "Vidly\Vidly.csproj", "{07E55867-7E77-4DF5-A60B-B3B20CFEF5A5}"
EndProject
Global
	GlobalSection(SolutionConfigurationPlatforms) = preSolution
		Debug|Any CPU = Debug|Any CPU
		Release|Any CPU = Release|Any CPU
	EndGlobalSection
	GlobalSection(ProjectConfigurationPlatforms) = postSolution
		{07E55867-7E77-4DF5-A60B-B3B20CFEF5A5}.Debug|Any CPU.ActiveCfg = Debug|Any CPU
		{07E55867-7E77-4DF5-A60B-B3B20CFEF5A5}.Debug|Any CPU.Build.0 = Debug|Any CPU
		{07E55867-7E77-4DF5-A60B-B3B20CFEF5A5}.Release|Any CPU.ActiveCfg = Release|Any CPU
		{07E55867-7E77-4DF5-A60B-B3B20CFEF5A5}.Release|Any CPU.Build.0 = Release|Any CPU
	EndGlobalSection
	GlobalSection(SolutionProperties) = preSolution
		HideSolutionNode = FALSE
	EndGlobalSection
	GlobalSection(ExtensibilityGlobals) = postSolution
		SolutionGuid = {A0FBC5BB-9DEF-4B47-935F-60433343920C}
	EndGlobalSection
EndGlobal
